{
  "nodes": {
    "moergo-zmk": {
      "flake": false,
      "locked": {
        "lastModified": 1764160494,
        "narHash": "sha256-drM6YecXmSTNCePxXyD6Tfl9UKwDpjYjq+/h/Bq4oLA=",
        "owner": "moergo-sc",
        "repo": "zmk",
        "rev": "11454d23596afbdb06380a1125371b19ab65675c",
        "type": "github"
      },
      "original": {
        "owner": "moergo-sc",
        "ref": "v25.11",
        "repo": "zmk",
        "type": "github"
      }
    },
    "nixpkgs": {
      "locked": {
        "lastModified": 1782467914,
        "narHash": "sha256-pGvFkM8N0xEkIIXDe5YYfbEAvHrk4IxBrjB/x8OomhE=",
        "rev": "e73de5be04e0eff4190a1432b946d469c794e7b4",
        "revCount": 1022855,
        "type": "tarball",
        "url": "https://api.flakehub.com/f/pinned/NixOS/nixpkgs/0.1.1022855%2Brev-e73de5be04e0eff4190a1432b946d469c794e7b4/019f040d-a4bb-76d0-b7be-7f591f783899/source.tar.gz"
      },
      "original": {
        "type": "tarball",
        "url": "https://flakehub.com/f/NixOS/nixpkgs/0.1"
      }
    },
    "root": {
      "inputs": {
        "moergo-zmk": "moergo-zmk",
        "nixpkgs": "nixpkgs",
        "zmk-helpers": "zmk-helpers",
        "zmk-totem": "zmk-totem"
      }
    },
    "zmk-helpers": {
      "flake": false,
      "locked": {
        "lastModified": 1754092354,
        "narHash": "sha256-yPIzad8uPt+2gcxCq68JqHh+eC1/85zMOQYycAcfRWg=",
        "owner": "urob",
        "repo": "zmk-helpers",
        "rev": "b1548efd28d2cc64b9506654e6883695c258190f",
        "type": "github"
      },
      "original": {
        "owner": "urob",
        "ref": "v0.3",
        "repo": "zmk-helpers",
        "type": "github"
      }
    },
    "zmk-totem": {
      "flake": false,
      "locked": {
        "lastModified": 1755341693,
        "narHash": "sha256-eAYTSsiGJLOjjfITPuVYDw+PJQBVenMQ8HcRhy+rnak=",
        "owner": "antoineco",
        "repo": "zmk-keyboard-totem",
        "rev": "720cd77915755cdc44b817b2cdc0174bff52b82c",
        "type": "github"
      },
      "original": {
        "owner": "antoineco",
        "ref": "v0.3",
        "repo": "zmk-keyboard-totem",
        "type": "github"
      }
    }
  },
  "root": "root",
  "version": 7
}
