{
  "nodes": {
    "glove80-zmk": {
      "flake": false,
      "locked": {
        "lastModified": 1764160494,
        "narHash": "sha256-drM6YecXmSTNCePxXyD6Tfl9UKwDpjYjq+/h/Bq4oLA=",
        "owner": "moergo-sc",
        "repo": "zmk",
        "rev": "11454d23596afbdb06380a1125371b19ab65675c",
        "type": "github"
      },
      "original": {
        "owner": "moergo-sc",
        "ref": "v25.11",
        "repo": "zmk",
        "type": "github"
      }
    },
    "nix-github-actions": {
      "inputs": {
        "nixpkgs": [
          "zephyr-nix",
          "nixpkgs"
        ]
      },
      "locked": {
        "lastModified": 1737420293,
        "narHash": "sha256-F1G5ifvqTpJq7fdkT34e/Jy9VCyzd5XfJ9TO8fHhJWE=",
        "owner": "nix-community",
        "repo": "nix-github-actions",
        "rev": "f4158fa080ef4503c8f4c820967d946c2af31ec9",
        "type": "github"
      },
      "original": {
        "owner": "nix-community",
        "repo": "nix-github-actions",
        "type": "github"
      }
    },
    "nixpkgs": {
      "locked": {
        "lastModified": 1751011381,
        "narHash": "sha256-krGXKxvkBhnrSC/kGBmg5MyupUUT5R6IBCLEzx9jhMM=",
        "owner": "NixOS",
        "repo": "nixpkgs",
        "rev": "30e2e2857ba47844aa71991daa6ed1fc678bcbb7",
        "type": "github"
      },
      "original": {
        "owner": "NixOS",
        "ref": "nixos-unstable",
        "repo": "nixpkgs",
        "type": "github"
      }
    },
    "pyproject-nix": {
      "inputs": {
        "nixpkgs": [
          "zephyr-nix",
          "nixpkgs"
        ]
      },
      "locked": {
        "lastModified": 1758265079,
        "narHash": "sha256-amLaLNwKSZPShQHzfgmc/9o76dU8xzN0743dWgvYlr8=",
        "owner": "nix-community",
        "repo": "pyproject.nix",
        "rev": "02e9418fd4af638447dca4b17b1280da95527fc9",
        "type": "github"
      },
      "original": {
        "owner": "nix-community",
        "repo": "pyproject.nix",
        "type": "github"
      }
    },
    "root": {
      "inputs": {
        "glove80-zmk": "glove80-zmk",
        "nixpkgs": "nixpkgs",
        "zephyr": "zephyr",
        "zephyr-nix": "zephyr-nix",
        "zmk-helpers": "zmk-helpers"
      }
    },
    "zephyr": {
      "flake": false,
      "locked": {
        "lastModified": 1767824654,
        "narHash": "sha256-PsEv2r8bGUpJo9s4mgnS0N496ddad6OWT7/qBAprphg=",
        "owner": "zmkfirmware",
        "repo": "zephyr",
        "rev": "ec36516990d40355238db3049bc1709191f99b4e",
        "type": "github"
      },
      "original": {
        "owner": "zmkfirmware",
        "ref": "v4.1.0+zmk-fixes",
        "repo": "zephyr",
        "type": "github"
      }
    },
    "zephyr-nix": {
      "inputs": {
        "nix-github-actions": "nix-github-actions",
        "nixpkgs": [
          "nixpkgs"
        ],
        "pyproject-nix": "pyproject-nix",
        "zephyr": [
          "zephyr"
        ]
      },
      "locked": {
        "lastModified": 1766008436,
        "narHash": "sha256-rxsL4PELWWJm1jp2j3fQEatsbXVwf/P5KnESLflh84s=",
        "owner": "urob",
        "repo": "zephyr-nix",
        "rev": "62288a26868d805935952a8cf8a77ffe5ec994f7",
        "type": "github"
      },
      "original": {
        "owner": "urob",
        "ref": "zephyr-4.1",
        "repo": "zephyr-nix",
        "type": "github"
      }
    },
    "zmk-helpers": {
      "flake": false,
      "locked": {
        "lastModified": 1754092354,
        "narHash": "sha256-yPIzad8uPt+2gcxCq68JqHh+eC1/85zMOQYycAcfRWg=",
        "owner": "urob",
        "repo": "zmk-helpers",
        "rev": "b1548efd28d2cc64b9506654e6883695c258190f",
        "type": "github"
      },
      "original": {
        "owner": "urob",
        "ref": "v0.3",
        "repo": "zmk-helpers",
        "type": "github"
      }
    }
  },
  "root": "root",
  "version": 7
}
